<?xml version="1.0" encoding="utf-8"?>
<Project ToolsVersion="4.0" xmlns="http://schemas.microsoft.com/developer/msbuild/2003">
  <ItemGroup>
    <Filter Include="datastructures">
      <UniqueIdentifier>{7b9acea4-0885-443c-8e59-1e2923028a3c}</UniqueIdentifier>
    </Filter>
    <Filter Include="kernels">
      <UniqueIdentifier>{b47c0f1b-a881-4559-965b-fedd9526e144}</UniqueIdentifier>
    </Filter>
  </ItemGroup>
  <ItemGroup>
    <ClInclude Include="datastructure.h">
      <Filter>datastructures</Filter>
    </ClInclude>
    <ClInclude Include="kernels.h">
      <Filter>kernels</Filter>
    </ClInclude>
    <ClInclude Include="kernels.cpp">
      <Filter>kernels</Filter>
    </ClInclude>
    <ClInclude Include="linearalgebra.h">
      <Filter>datastructures</Filter>
    </ClInclude>
  </ItemGroup>
  <ItemGroup>
    <CudaCompile Include="main.cpp" />
  </ItemGroup>
  <ItemGroup>
    <None Include="cuda_common.h" />
  </ItemGroup>
</Project>